
Microsoft Visual Studio Solution File, Format Version 12.00
# Visual Studio 15
VisualStudioVersion = 15.0.26124.0
MinimumVisualStudioVersion = 15.0.26124.0
Project("{FAE04EC0-301F-11D3-BF4B-00C04F79EFBC}") = "Sample.Api.AspNetCore", "Sample.Api.AspNetCore\Sample.Api.AspNetCore.csproj", "{2F17C154-870E-45A8-B5C9-7358CB433728}"
EndProject
Project("{FAE04EC0-301F-11D3-BF4B-00C04F79EFBC}") = "Sample.Client.AspNetCore", "Sample.Client.AspNetCore\Sample.Client.AspNetCore.csproj", "{E5DE8D26-A30E-4228-9D9F-D2622323DBE7}"
EndProject
Project("{FAE04EC0-301F-11D3-BF4B-00C04F79EFBC}") = "Sample.Client.JQuery", "Sample.Client.JQuery\Sample.Client.JQuery.csproj", "{2FE72479-1566-49AE-9CC2-CA90173CCEC8}"
EndProject
Project("{FAE04EC0-301F-11D3-BF4B-00C04F79EFBC}") = "Sample.Client.ConsoleNetCore", "Sample.Client.ConsoleNetCore\Sample.Client.ConsoleNetCore.csproj", "{A69934D2-6CD4-494F-BBA1-6F291BE5DCC4}"
EndProject
Project("{FAE04EC0-301F-11D3-BF4B-00C04F79EFBC}") = "Sample.Functions", "Sample.Functions\Sample.Functions.csproj", "{63C4F225-5DDD-49B2-8EBA-98974E5FAADA}"
EndProject
Global
	GlobalSection(SolutionConfigurationPlatforms) = preSolution
		Debug|Any CPU = Debug|Any CPU
		Debug|x64 = Debug|x64
		Debug|x86 = Debug|x86
		Release|Any CPU = Release|Any CPU
		Release|x64 = Release|x64
		Release|x86 = Release|x86
	EndGlobalSection
	GlobalSection(SolutionProperties) = preSolution
		HideSolutionNode = FALSE
	EndGlobalSection
	GlobalSection(ProjectConfigurationPlatforms) = postSolution
		{2F17C154-870E-45A8-B5C9-7358CB433728}.Debug|Any CPU.ActiveCfg = Debug|Any CPU
		{2F17C154-870E-45A8-B5C9-7358CB433728}.Debug|Any CPU.Build.0 = Debug|Any CPU
		{2F17C154-870E-45A8-B5C9-7358CB433728}.Debug|x64.ActiveCfg = Debug|Any CPU
		{2F17C154-870E-45A8-B5C9-7358CB433728}.Debug|x64.Build.0 = Debug|Any CPU
		{2F17C154-870E-45A8-B5C9-7358CB433728}.Debug|x86.ActiveCfg = Debug|Any CPU
		{2F17C154-870E-45A8-B5C9-7358CB433728}.Debug|x86.Build.0 = Debug|Any CPU
		{2F17C154-870E-45A8-B5C9-7358CB433728}.Release|Any CPU.ActiveCfg = Release|Any CPU
		{2F17C154-870E-45A8-B5C9-7358CB433728}.Release|Any CPU.Build.0 = Release|Any CPU
		{2F17C154-870E-45A8-B5C9-7358CB433728}.Release|x64.ActiveCfg = Release|Any CPU
		{2F17C154-870E-45A8-B5C9-7358CB433728}.Release|x64.Build.0 = Release|Any CPU
		{2F17C154-870E-45A8-B5C9-7358CB433728}.Release|x86.ActiveCfg = Release|Any CPU
		{2F17C154-870E-45A8-B5C9-7358CB433728}.Release|x86.Build.0 = Release|Any CPU
		{E5DE8D26-A30E-4228-9D9F-D2622323DBE7}.Debug|Any CPU.ActiveCfg = Debug|Any CPU
		{E5DE8D26-A30E-4228-9D9F-D2622323DBE7}.Debug|Any CPU.Build.0 = Debug|Any CPU
		{E5DE8D26-A30E-4228-9D9F-D2622323DBE7}.Debug|x64.ActiveCfg = Debug|Any CPU
		{E5DE8D26-A30E-4228-9D9F-D2622323DBE7}.Debug|x64.Build.0 = Debug|Any CPU
		{E5DE8D26-A30E-4228-9D9F-D2622323DBE7}.Debug|x86.ActiveCfg = Debug|Any CPU
		{E5DE8D26-A30E-4228-9D9F-D2622323DBE7}.Debug|x86.Build.0 = Debug|Any CPU
		{E5DE8D26-A30E-4228-9D9F-D2622323DBE7}.Release|Any CPU.ActiveCfg = Release|Any CPU
		{E5DE8D26-A30E-4228-9D9F-D2622323DBE7}.Release|Any CPU.Build.0 = Release|Any CPU
		{E5DE8D26-A30E-4228-9D9F-D2622323DBE7}.Release|x64.ActiveCfg = Release|Any CPU
		{E5DE8D26-A30E-4228-9D9F-D2622323DBE7}.Release|x64.Build.0 = Release|Any CPU
		{E5DE8D26-A30E-4228-9D9F-D2622323DBE7}.Release|x86.ActiveCfg = Release|Any CPU
		{E5DE8D26-A30E-4228-9D9F-D2622323DBE7}.Release|x86.Build.0 = Release|Any CPU
		{2FE72479-1566-49AE-9CC2-CA90173CCEC8}.Debug|Any CPU.ActiveCfg = Debug|Any CPU
		{2FE72479-1566-49AE-9CC2-CA90173CCEC8}.Debug|Any CPU.Build.0 = Debug|Any CPU
		{2FE72479-1566-49AE-9CC2-CA90173CCEC8}.Debug|x64.ActiveCfg = Debug|Any CPU
		{2FE72479-1566-49AE-9CC2-CA90173CCEC8}.Debug|x64.Build.0 = Debug|Any CPU
		{2FE72479-1566-49AE-9CC2-CA90173CCEC8}.Debug|x86.ActiveCfg = Debug|Any CPU
		{2FE72479-1566-49AE-9CC2-CA90173CCEC8}.Debug|x86.Build.0 = Debug|Any CPU
		{2FE72479-1566-49AE-9CC2-CA90173CCEC8}.Release|Any CPU.ActiveCfg = Release|Any CPU
		{2FE72479-1566-49AE-9CC2-CA90173CCEC8}.Release|Any CPU.Build.0 = Release|Any CPU
		{2FE72479-1566-49AE-9CC2-CA90173CCEC8}.Release|x64.ActiveCfg = Release|Any CPU
		{2FE72479-1566-49AE-9CC2-CA90173CCEC8}.Release|x64.Build.0 = Release|Any CPU
		{2FE72479-1566-49AE-9CC2-CA90173CCEC8}.Release|x86.ActiveCfg = Release|Any CPU
		{2FE72479-1566-49AE-9CC2-CA90173CCEC8}.Release|x86.Build.0 = Release|Any CPU
		{A69934D2-6CD4-494F-BBA1-6F291BE5DCC4}.Debug|Any CPU.ActiveCfg = Debug|Any CPU
		{A69934D2-6CD4-494F-BBA1-6F291BE5DCC4}.Debug|Any CPU.Build.0 = Debug|Any CPU
		{A69934D2-6CD4-494F-BBA1-6F291BE5DCC4}.Debug|x64.ActiveCfg = Debug|Any CPU
		{A69934D2-6CD4-494F-BBA1-6F291BE5DCC4}.Debug|x64.Build.0 = Debug|Any CPU
		{A69934D2-6CD4-494F-BBA1-6F291BE5DCC4}.Debug|x86.ActiveCfg = Debug|Any CPU
		{A69934D2-6CD4-494F-BBA1-6F291BE5DCC4}.Debug|x86.Build.0 = Debug|Any CPU
		{A69934D2-6CD4-494F-BBA1-6F291BE5DCC4}.Release|Any CPU.ActiveCfg = Release|Any CPU
		{A69934D2-6CD4-494F-BBA1-6F291BE5DCC4}.Release|Any CPU.Build.0 = Release|Any CPU
		{A69934D2-6CD4-494F-BBA1-6F291BE5DCC4}.Release|x64.ActiveCfg = Release|Any CPU
		{A69934D2-6CD4-494F-BBA1-6F291BE5DCC4}.Release|x64.Build.0 = Release|Any CPU
		{A69934D2-6CD4-494F-BBA1-6F291BE5DCC4}.Release|x86.ActiveCfg = Release|Any CPU
		{A69934D2-6CD4-494F-BBA1-6F291BE5DCC4}.Release|x86.Build.0 = Release|Any CPU
		{63C4F225-5DDD-49B2-8EBA-98974E5FAADA}.Debug|Any CPU.ActiveCfg = Debug|Any CPU
		{63C4F225-5DDD-49B2-8EBA-98974E5FAADA}.Debug|Any CPU.Build.0 = Debug|Any CPU
		{63C4F225-5DDD-49B2-8EBA-98974E5FAADA}.Debug|x64.ActiveCfg = Debug|Any CPU
		{63C4F225-5DDD-49B2-8EBA-98974E5FAADA}.Debug|x64.Build.0 = Debug|Any CPU
		{63C4F225-5DDD-49B2-8EBA-98974E5FAADA}.Debug|x86.ActiveCfg = Debug|Any CPU
		{63C4F225-5DDD-49B2-8EBA-98974E5FAADA}.Debug|x86.Build.0 = Debug|Any CPU
		{63C4F225-5DDD-49B2-8EBA-98974E5FAADA}.Release|Any CPU.ActiveCfg = Release|Any CPU
		{63C4F225-5DDD-49B2-8EBA-98974E5FAADA}.Release|Any CPU.Build.0 = Release|Any CPU
		{63C4F225-5DDD-49B2-8EBA-98974E5FAADA}.Release|x64.ActiveCfg = Release|Any CPU
		{63C4F225-5DDD-49B2-8EBA-98974E5FAADA}.Release|x64.Build.0 = Release|Any CPU
		{63C4F225-5DDD-49B2-8EBA-98974E5FAADA}.Release|x86.ActiveCfg = Release|Any CPU
		{63C4F225-5DDD-49B2-8EBA-98974E5FAADA}.Release|x86.Build.0 = Release|Any CPU
	EndGlobalSection
EndGlobal
